
Microsoft Visual Studio Solution File, Format Version 12.00
# Visual Studio Version 16
VisualStudioVersion = 16.0.31410.357
MinimumVisualStudioVersion = 10.0.40219.1
Project("{8BC9CEB8-8B4A-11D0-8D11-00A0C91BC942}") = "Date", "Date\Date.vcxproj", "{976ED80D-0D2C-442C-B608-961BD97C7ED1}"
EndProject
Project("{8BC9CEB8-8B4A-11D0-8D11-00A0C91BC942}") = "TestApplication", "TestApplication\TestApplication.vcxproj", "{F9787C7C-CF6B-49A4-9371-307F0E4BBDD3}"
EndProject
Project("{8BC9CEB8-8B4A-11D0-8D11-00A0C91BC942}") = "Document", "Document\Document.vcxproj", "{A351F538-283E-446B-AF59-EA686184330D}"
EndProject
Project("{8BC9CEB8-8B4A-11D0-8D11-00A0C91BC942}") = "FIO", "FIO\FIO.vcxproj", "{1686B55F-AB46-460E-A3DE-069065B3E185}"
EndProject
Project("{8BC9CEB8-8B4A-11D0-8D11-00A0C91BC942}") = "Time", "Time\Time.vcxproj", "{9CAE9EED-4414-4695-810C-91392528C723}"
EndProject
Project("{8BC9CEB8-8B4A-11D0-8D11-00A0C91BC942}") = "SportComplex", "SportComplex\SportComplex.vcxproj", "{248D42E5-E973-42DE-84E4-3F01D71CEEE8}"
EndProject
Project("{8BC9CEB8-8B4A-11D0-8D11-00A0C91BC942}") = "Equipment", "Equipment\Equipment.vcxproj", "{E98ACBEE-A473-414F-B11B-72D765405588}"
EndProject
Project("{8BC9CEB8-8B4A-11D0-8D11-00A0C91BC942}") = "Client", "Client\Client.vcxproj", "{2DAF9A74-F21D-4D2B-B4E2-E69B95E2B133}"
EndProject
Project("{8BC9CEB8-8B4A-11D0-8D11-00A0C91BC942}") = "Employee", "Employee\Employee.vcxproj", "{D3123748-722C-4A95-8A5C-0FA2847E43A4}"
EndProject
Project("{8BC9CEB8-8B4A-11D0-8D11-00A0C91BC942}") = "Person", "Person\Person.vcxproj", "{C5FF3D23-7B8E-4B7C-BADD-C7CFDADAB42C}"
EndProject
Project("{8BC9CEB8-8B4A-11D0-8D11-00A0C91BC942}") = "Event", "Event\Event.vcxproj", "{785334D6-1822-4209-B9CB-384960DDA5FB}"
EndProject
Project("{8BC9CEB8-8B4A-11D0-8D11-00A0C91BC942}") = "Hall", "Hall\Hall.vcxproj", "{88B61E8E-B6CA-4E06-92D8-5719656E0FBF}"
EndProject
Project("{8BC9CEB8-8B4A-11D0-8D11-00A0C91BC942}") = "Application", "Application\Application.vcxproj", "{06DBD03D-0078-4CB0-9A63-F4F143BA3835}"
EndProject
Project("{8BC9CEB8-8B4A-11D0-8D11-00A0C91BC942}") = "Subscription", "Subscription\Subscription.vcxproj", "{B802E19F-368E-49FD-B0A4-FA00432BABF6}"
EndProject
Global
	GlobalSection(SolutionConfigurationPlatforms) = preSolution
		Debug|x64 = Debug|x64
		Debug|x86 = Debug|x86
		Release|x64 = Release|x64
		Release|x86 = Release|x86
	EndGlobalSection
	GlobalSection(ProjectConfigurationPlatforms) = postSolution
		{976ED80D-0D2C-442C-B608-961BD97C7ED1}.Debug|x64.ActiveCfg = Debug|x64
		{976ED80D-0D2C-442C-B608-961BD97C7ED1}.Debug|x64.Build.0 = Debug|x64
		{976ED80D-0D2C-442C-B608-961BD97C7ED1}.Debug|x86.ActiveCfg = Debug|Win32
		{976ED80D-0D2C-442C-B608-961BD97C7ED1}.Debug|x86.Build.0 = Debug|Win32
		{976ED80D-0D2C-442C-B608-961BD97C7ED1}.Release|x64.ActiveCfg = Release|x64
		{976ED80D-0D2C-442C-B608-961BD97C7ED1}.Release|x64.Build.0 = Release|x64
		{976ED80D-0D2C-442C-B608-961BD97C7ED1}.Release|x86.ActiveCfg = Release|Win32
		{976ED80D-0D2C-442C-B608-961BD97C7ED1}.Release|x86.Build.0 = Release|Win32
		{F9787C7C-CF6B-49A4-9371-307F0E4BBDD3}.Debug|x64.ActiveCfg = Debug|x64
		{F9787C7C-CF6B-49A4-9371-307F0E4BBDD3}.Debug|x64.Build.0 = Debug|x64
		{F9787C7C-CF6B-49A4-9371-307F0E4BBDD3}.Debug|x86.ActiveCfg = Debug|Win32
		{F9787C7C-CF6B-49A4-9371-307F0E4BBDD3}.Debug|x86.Build.0 = Debug|Win32
		{F9787C7C-CF6B-49A4-9371-307F0E4BBDD3}.Release|x64.ActiveCfg = Release|x64
		{F9787C7C-CF6B-49A4-9371-307F0E4BBDD3}.Release|x64.Build.0 = Release|x64
		{F9787C7C-CF6B-49A4-9371-307F0E4BBDD3}.Release|x86.ActiveCfg = Release|Win32
		{F9787C7C-CF6B-49A4-9371-307F0E4BBDD3}.Release|x86.Build.0 = Release|Win32
		{A351F538-283E-446B-AF59-EA686184330D}.Debug|x64.ActiveCfg = Debug|x64
		{A351F538-283E-446B-AF59-EA686184330D}.Debug|x64.Build.0 = Debug|x64
		{A351F538-283E-446B-AF59-EA686184330D}.Debug|x86.ActiveCfg = Debug|Win32
		{A351F538-283E-446B-AF59-EA686184330D}.Debug|x86.Build.0 = Debug|Win32
		{A351F538-283E-446B-AF59-EA686184330D}.Release|x64.ActiveCfg = Release|x64
		{A351F538-283E-446B-AF59-EA686184330D}.Release|x64.Build.0 = Release|x64
		{A351F538-283E-446B-AF59-EA686184330D}.Release|x86.ActiveCfg = Release|Win32
		{A351F538-283E-446B-AF59-EA686184330D}.Release|x86.Build.0 = Release|Win32
		{1686B55F-AB46-460E-A3DE-069065B3E185}.Debug|x64.ActiveCfg = Debug|x64
		{1686B55F-AB46-460E-A3DE-069065B3E185}.Debug|x64.Build.0 = Debug|x64
		{1686B55F-AB46-460E-A3DE-069065B3E185}.Debug|x86.ActiveCfg = Debug|Win32
		{1686B55F-AB46-460E-A3DE-069065B3E185}.Debug|x86.Build.0 = Debug|Win32
		{1686B55F-AB46-460E-A3DE-069065B3E185}.Release|x64.ActiveCfg = Release|x64
		{1686B55F-AB46-460E-A3DE-069065B3E185}.Release|x64.Build.0 = Release|x64
		{1686B55F-AB46-460E-A3DE-069065B3E185}.Release|x86.ActiveCfg = Release|Win32
		{1686B55F-AB46-460E-A3DE-069065B3E185}.Release|x86.Build.0 = Release|Win32
		{9CAE9EED-4414-4695-810C-91392528C723}.Debug|x64.ActiveCfg = Debug|x64
		{9CAE9EED-4414-4695-810C-91392528C723}.Debug|x64.Build.0 = Debug|x64
		{9CAE9EED-4414-4695-810C-91392528C723}.Debug|x86.ActiveCfg = Debug|Win32
		{9CAE9EED-4414-4695-810C-91392528C723}.Debug|x86.Build.0 = Debug|Win32
		{9CAE9EED-4414-4695-810C-91392528C723}.Release|x64.ActiveCfg = Release|x64
		{9CAE9EED-4414-4695-810C-91392528C723}.Release|x64.Build.0 = Release|x64
		{9CAE9EED-4414-4695-810C-91392528C723}.Release|x86.ActiveCfg = Release|Win32
		{9CAE9EED-4414-4695-810C-91392528C723}.Release|x86.Build.0 = Release|Win32
		{248D42E5-E973-42DE-84E4-3F01D71CEEE8}.Debug|x64.ActiveCfg = Debug|x64
		{248D42E5-E973-42DE-84E4-3F01D71CEEE8}.Debug|x64.Build.0 = Debug|x64
		{248D42E5-E973-42DE-84E4-3F01D71CEEE8}.Debug|x86.ActiveCfg = Debug|Win32
		{248D42E5-E973-42DE-84E4-3F01D71CEEE8}.Debug|x86.Build.0 = Debug|Win32
		{248D42E5-E973-42DE-84E4-3F01D71CEEE8}.Release|x64.ActiveCfg = Release|x64
		{248D42E5-E973-42DE-84E4-3F01D71CEEE8}.Release|x64.Build.0 = Release|x64
		{248D42E5-E973-42DE-84E4-3F01D71CEEE8}.Release|x86.ActiveCfg = Release|Win32
		{248D42E5-E973-42DE-84E4-3F01D71CEEE8}.Release|x86.Build.0 = Release|Win32
		{E98ACBEE-A473-414F-B11B-72D765405588}.Debug|x64.ActiveCfg = Debug|x64
		{E98ACBEE-A473-414F-B11B-72D765405588}.Debug|x64.Build.0 = Debug|x64
		{E98ACBEE-A473-414F-B11B-72D765405588}.Debug|x86.ActiveCfg = Debug|Win32
		{E98ACBEE-A473-414F-B11B-72D765405588}.Debug|x86.Build.0 = Debug|Win32
		{E98ACBEE-A473-414F-B11B-72D765405588}.Release|x64.ActiveCfg = Release|x64
		{E98ACBEE-A473-414F-B11B-72D765405588}.Release|x64.Build.0 = Release|x64
		{E98ACBEE-A473-414F-B11B-72D765405588}.Release|x86.ActiveCfg = Release|Win32
		{E98ACBEE-A473-414F-B11B-72D765405588}.Release|x86.Build.0 = Release|Win32
		{2DAF9A74-F21D-4D2B-B4E2-E69B95E2B133}.Debug|x64.ActiveCfg = Debug|x64
		{2DAF9A74-F21D-4D2B-B4E2-E69B95E2B133}.Debug|x64.Build.0 = Debug|x64
		{2DAF9A74-F21D-4D2B-B4E2-E69B95E2B133}.Debug|x86.ActiveCfg = Debug|Win32
		{2DAF9A74-F21D-4D2B-B4E2-E69B95E2B133}.Debug|x86.Build.0 = Debug|Win32
		{2DAF9A74-F21D-4D2B-B4E2-E69B95E2B133}.Release|x64.ActiveCfg = Release|x64
		{2DAF9A74-F21D-4D2B-B4E2-E69B95E2B133}.Release|x64.Build.0 = Release|x64
		{2DAF9A74-F21D-4D2B-B4E2-E69B95E2B133}.Release|x86.ActiveCfg = Release|Win32
		{2DAF9A74-F21D-4D2B-B4E2-E69B95E2B133}.Release|x86.Build.0 = Release|Win32
		{D3123748-722C-4A95-8A5C-0FA2847E43A4}.Debug|x64.ActiveCfg = Debug|x64
		{D3123748-722C-4A95-8A5C-0FA2847E43A4}.Debug|x64.Build.0 = Debug|x64
		{D3123748-722C-4A95-8A5C-0FA2847E43A4}.Debug|x86.ActiveCfg = Debug|Win32
		{D3123748-722C-4A95-8A5C-0FA2847E43A4}.Debug|x86.Build.0 = Debug|Win32
		{D3123748-722C-4A95-8A5C-0FA2847E43A4}.Release|x64.ActiveCfg = Release|x64
		{D3123748-722C-4A95-8A5C-0FA2847E43A4}.Release|x64.Build.0 = Release|x64
		{D3123748-722C-4A95-8A5C-0FA2847E43A4}.Release|x86.ActiveCfg = Release|Win32
		{D3123748-722C-4A95-8A5C-0FA2847E43A4}.Release|x86.Build.0 = Release|Win32
		{C5FF3D23-7B8E-4B7C-BADD-C7CFDADAB42C}.Debug|x64.ActiveCfg = Debug|x64
		{C5FF3D23-7B8E-4B7C-BADD-C7CFDADAB42C}.Debug|x64.Build.0 = Debug|x64
		{C5FF3D23-7B8E-4B7C-BADD-C7CFDADAB42C}.Debug|x86.ActiveCfg = Debug|Win32
		{C5FF3D23-7B8E-4B7C-BADD-C7CFDADAB42C}.Debug|x86.Build.0 = Debug|Win32
		{C5FF3D23-7B8E-4B7C-BADD-C7CFDADAB42C}.Release|x64.ActiveCfg = Release|x64
		{C5FF3D23-7B8E-4B7C-BADD-C7CFDADAB42C}.Release|x64.Build.0 = Release|x64
		{C5FF3D23-7B8E-4B7C-BADD-C7CFDADAB42C}.Release|x86.ActiveCfg = Release|Win32
		{C5FF3D23-7B8E-4B7C-BADD-C7CFDADAB42C}.Release|x86.Build.0 = Release|Win32
		{785334D6-1822-4209-B9CB-384960DDA5FB}.Debug|x64.ActiveCfg = Debug|x64
		{785334D6-1822-4209-B9CB-384960DDA5FB}.Debug|x64.Build.0 = Debug|x64
		{785334D6-1822-4209-B9CB-384960DDA5FB}.Debug|x86.ActiveCfg = Debug|Win32
		{785334D6-1822-4209-B9CB-384960DDA5FB}.Debug|x86.Build.0 = Debug|Win32
		{785334D6-1822-4209-B9CB-384960DDA5FB}.Release|x64.ActiveCfg = Release|x64
		{785334D6-1822-4209-B9CB-384960DDA5FB}.Release|x64.Build.0 = Release|x64
		{785334D6-1822-4209-B9CB-384960DDA5FB}.Release|x86.ActiveCfg = Release|Win32
		{785334D6-1822-4209-B9CB-384960DDA5FB}.Release|x86.Build.0 = Release|Win32
		{88B61E8E-B6CA-4E06-92D8-5719656E0FBF}.Debug|x64.ActiveCfg = Debug|x64
		{88B61E8E-B6CA-4E06-92D8-5719656E0FBF}.Debug|x64.Build.0 = Debug|x64
		{88B61E8E-B6CA-4E06-92D8-5719656E0FBF}.Debug|x86.ActiveCfg = Debug|Win32
		{88B61E8E-B6CA-4E06-92D8-5719656E0FBF}.Debug|x86.Build.0 = Debug|Win32
		{88B61E8E-B6CA-4E06-92D8-5719656E0FBF}.Release|x64.ActiveCfg = Release|x64
		{88B61E8E-B6CA-4E06-92D8-5719656E0FBF}.Release|x64.Build.0 = Release|x64
		{88B61E8E-B6CA-4E06-92D8-5719656E0FBF}.Release|x86.ActiveCfg = Release|Win32
		{88B61E8E-B6CA-4E06-92D8-5719656E0FBF}.Release|x86.Build.0 = Release|Win32
		{06DBD03D-0078-4CB0-9A63-F4F143BA3835}.Debug|x64.ActiveCfg = Debug|x64
		{06DBD03D-0078-4CB0-9A63-F4F143BA3835}.Debug|x64.Build.0 = Debug|x64
		{06DBD03D-0078-4CB0-9A63-F4F143BA3835}.Debug|x86.ActiveCfg = Debug|Win32
		{06DBD03D-0078-4CB0-9A63-F4F143BA3835}.Debug|x86.Build.0 = Debug|Win32
		{06DBD03D-0078-4CB0-9A63-F4F143BA3835}.Release|x64.ActiveCfg = Release|x64
		{06DBD03D-0078-4CB0-9A63-F4F143BA3835}.Release|x64.Build.0 = Release|x64
		{06DBD03D-0078-4CB0-9A63-F4F143BA3835}.Release|x86.ActiveCfg = Release|Win32
		{06DBD03D-0078-4CB0-9A63-F4F143BA3835}.Release|x86.Build.0 = Release|Win32
		{B802E19F-368E-49FD-B0A4-FA00432BABF6}.Debug|x64.ActiveCfg = Debug|x64
		{B802E19F-368E-49FD-B0A4-FA00432BABF6}.Debug|x64.Build.0 = Debug|x64
		{B802E19F-368E-49FD-B0A4-FA00432BABF6}.Debug|x86.ActiveCfg = Debug|Win32
		{B802E19F-368E-49FD-B0A4-FA00432BABF6}.Debug|x86.Build.0 = Debug|Win32
		{B802E19F-368E-49FD-B0A4-FA00432BABF6}.Release|x64.ActiveCfg = Release|x64
		{B802E19F-368E-49FD-B0A4-FA00432BABF6}.Release|x64.Build.0 = Release|x64
		{B802E19F-368E-49FD-B0A4-FA00432BABF6}.Release|x86.ActiveCfg = Release|Win32
		{B802E19F-368E-49FD-B0A4-FA00432BABF6}.Release|x86.Build.0 = Release|Win32
	EndGlobalSection
	GlobalSection(SolutionProperties) = preSolution
		HideSolutionNode = FALSE
	EndGlobalSection
	GlobalSection(ExtensibilityGlobals) = postSolution
		SolutionGuid = {A37B3B42-13A8-46A4-9865-434CDACCA679}
	EndGlobalSection
EndGlobal
